version = 1
revision = 1
requires-python = ">=3.12"

[[package]]
name = "gurobipy"
version = "12.0.1"
source = { registry = "https://pypi.org/simple" }
wheels = [
    { url = "https://files.pythonhosted.org/packages/ee/74/cfa692c327b44bf7c2c5250dbcfe66a19cc9ec1dd6524de8dbbaeaff311c/gurobipy-12.0.1-cp312-cp312-macosx_10_9_universal2.whl", hash = "sha256:642ac600488a67fbbf82656611a9db5493d70e6ce0964e191c447a64106c325c", size = 12156498 },
    { url = "https://files.pythonhosted.org/packages/8e/06/af2745c9a15139a82b52d33c2d86acc5374676f7c6bc4eda793f2a27dee8/gurobipy-12.0.1-cp312-cp312-manylinux2014_aarch64.manylinux_2_17_aarch64.whl", hash = "sha256:45ff1dce01f785b2fb5cf7ea62da904a44920bb26e9480fbfedf1d2f67dac1ae", size = 62547371 },
    { url = "https://files.pythonhosted.org/packages/07/86/9cf33e48356fdf5001dbee4ab3ee04068a2f8c59bd7fffb452531bcb1b34/gurobipy-12.0.1-cp312-cp312-manylinux2014_x86_64.manylinux_2_17_x86_64.whl", hash = "sha256:e36c57df0330c4277294d090565a56c56a083d83d70c30af8e9c444d80a854a5", size = 14233878 },
    { url = "https://files.pythonhosted.org/packages/fd/0f/de29b131d3dce78b5f6b37919dd97f722adb23daa1057d91177c02e95389/gurobipy-12.0.1-cp312-cp312-win_amd64.whl", hash = "sha256:f09b84138e17fcb774475f673b9fe7d3ed8137e7eb7834ce3185688e054fc6e2", size = 11113683 },
    { url = "https://files.pythonhosted.org/packages/4c/81/a781b8751f48eea80cefbd8824fcadae492f8c9d33fc1871dec0f2670325/gurobipy-12.0.1-cp313-cp313-macosx_10_13_universal2.whl", hash = "sha256:ca490ae7a4da730361b33564350a94c0ad605cbf70be733071b1c7b522665355", size = 12117751 },
    { url = "https://files.pythonhosted.org/packages/c0/4b/460ab68599f7359094787f10591be987c702a509923856e628c357d704be/gurobipy-12.0.1-cp313-cp313-manylinux2014_aarch64.manylinux_2_17_aarch64.whl", hash = "sha256:c971e40ddce1751e077e160593ed38d76a73d298365fd3f90737c1543104424d", size = 62551104 },
    { url = "https://files.pythonhosted.org/packages/da/65/887481a8b4d5bd7a4f3cfcd41d1371d04e796fbeaadcb0ef3610ed55c3d5/gurobipy-12.0.1-cp313-cp313-manylinux2014_x86_64.manylinux_2_17_x86_64.whl", hash = "sha256:6e007cedc2c69f5a17918d0fe34e88e95f1670b5c24ac828a0df2b1716343459", size = 14241030 },
    { url = "https://files.pythonhosted.org/packages/84/cc/fb56310beac81634a5fda3a9e34d82eb65dcca1264563cfb19f8e2a99cd6/gurobipy-12.0.1-cp313-cp313-win_amd64.whl", hash = "sha256:513017eb17eb3cc7a8d32fccbeee046fc40c9b84808243d922523d78df390179", size = 11103896 },
]

[[package]]
name = "mathprog-ex1"
version = "1.0.0"
source = { editable = "." }
dependencies = [
    { name = "gurobipy" },
    { name = "networkx" },
    { name = "numpy" },
]

[package.dev-dependencies]
dev = [
    { name = "ruff" },
]

[package.metadata]
requires-dist = [
    { name = "gurobipy", specifier = ">=12.0.1" },
    { name = "networkx", specifier = ">=3.4.2" },
    { name = "numpy", specifier = ">=2.2.4" },
]

[package.metadata.requires-dev]
dev = [{ name = "ruff", specifier = ">=0.11.2" }]

[[package]]
name = "networkx"
version = "3.4.2"
source = { registry = "https://pypi.org/simple" }
sdist = { url = "https://files.pythonhosted.org/packages/fd/1d/06475e1cd5264c0b870ea2cc6fdb3e37177c1e565c43f56ff17a10e3937f/networkx-3.4.2.tar.gz", hash = "sha256:307c3669428c5362aab27c8a1260aa8f47c4e91d3891f48be0141738d8d053e1", size = 2151368 }
wheels = [
    { url = "https://files.pythonhosted.org/packages/b9/54/dd730b32ea14ea797530a4479b2ed46a6fb250f682a9cfb997e968bf0261/networkx-3.4.2-py3-none-any.whl", hash = "sha256:df5d4365b724cf81b8c6a7312509d0c22386097011ad1abe274afd5e9d3bbc5f", size = 1723263 },
]

[[package]]
name = "numpy"
version = "2.2.4"
source = { registry = "https://pypi.org/simple" }
sdist = { url = "https://files.pythonhosted.org/packages/e1/78/31103410a57bc2c2b93a3597340a8119588571f6a4539067546cb9a0bfac/numpy-2.2.4.tar.gz", hash = "sha256:9ba03692a45d3eef66559efe1d1096c4b9b75c0986b5dff5530c378fb8331d4f", size = 20270701 }
wheels = [
    { url = "https://files.pythonhosted.org/packages/a2/30/182db21d4f2a95904cec1a6f779479ea1ac07c0647f064dea454ec650c42/numpy-2.2.4-cp312-cp312-macosx_10_13_x86_64.whl", hash = "sha256:a7b9084668aa0f64e64bd00d27ba5146ef1c3a8835f3bd912e7a9e01326804c4", size = 20947156 },
    { url = "https://files.pythonhosted.org/packages/24/6d/9483566acfbda6c62c6bc74b6e981c777229d2af93c8eb2469b26ac1b7bc/numpy-2.2.4-cp312-cp312-macosx_11_0_arm64.whl", hash = "sha256:dbe512c511956b893d2dacd007d955a3f03d555ae05cfa3ff1c1ff6df8851854", size = 14133092 },
    { url = "https://files.pythonhosted.org/packages/27/f6/dba8a258acbf9d2bed2525cdcbb9493ef9bae5199d7a9cb92ee7e9b2aea6/numpy-2.2.4-cp312-cp312-macosx_14_0_arm64.whl", hash = "sha256:bb649f8b207ab07caebba230d851b579a3c8711a851d29efe15008e31bb4de24", size = 5163515 },
    { url = "https://files.pythonhosted.org/packages/62/30/82116199d1c249446723c68f2c9da40d7f062551036f50b8c4caa42ae252/numpy-2.2.4-cp312-cp312-macosx_14_0_x86_64.whl", hash = "sha256:f34dc300df798742b3d06515aa2a0aee20941c13579d7a2f2e10af01ae4901ee", size = 6696558 },
    { url = "https://files.pythonhosted.org/packages/0e/b2/54122b3c6df5df3e87582b2e9430f1bdb63af4023c739ba300164c9ae503/numpy-2.2.4-cp312-cp312-manylinux_2_17_aarch64.manylinux2014_aarch64.whl", hash = "sha256:c3f7ac96b16955634e223b579a3e5798df59007ca43e8d451a0e6a50f6bfdfba", size = 14084742 },
    { url = "https://files.pythonhosted.org/packages/02/e2/e2cbb8d634151aab9528ef7b8bab52ee4ab10e076509285602c2a3a686e0/numpy-2.2.4-cp312-cp312-manylinux_2_17_x86_64.manylinux2014_x86_64.whl", hash = "sha256:4f92084defa704deadd4e0a5ab1dc52d8ac9e8a8ef617f3fbb853e79b0ea3592", size = 16134051 },
    { url = "https://files.pythonhosted.org/packages/8e/21/efd47800e4affc993e8be50c1b768de038363dd88865920439ef7b422c60/numpy-2.2.4-cp312-cp312-musllinux_1_2_aarch64.whl", hash = "sha256:7a4e84a6283b36632e2a5b56e121961f6542ab886bc9e12f8f9818b3c266bfbb", size = 15578972 },
    { url = "https://files.pythonhosted.org/packages/04/1e/f8bb88f6157045dd5d9b27ccf433d016981032690969aa5c19e332b138c0/numpy-2.2.4-cp312-cp312-musllinux_1_2_x86_64.whl", hash = "sha256:11c43995255eb4127115956495f43e9343736edb7fcdb0d973defd9de14cd84f", size = 17898106 },
    { url = "https://files.pythonhosted.org/packages/2b/93/df59a5a3897c1f036ae8ff845e45f4081bb06943039ae28a3c1c7c780f22/numpy-2.2.4-cp312-cp312-win32.whl", hash = "sha256:65ef3468b53269eb5fdb3a5c09508c032b793da03251d5f8722b1194f1790c00", size = 6311190 },
    { url = "https://files.pythonhosted.org/packages/46/69/8c4f928741c2a8efa255fdc7e9097527c6dc4e4df147e3cadc5d9357ce85/numpy-2.2.4-cp312-cp312-win_amd64.whl", hash = "sha256:2aad3c17ed2ff455b8eaafe06bcdae0062a1db77cb99f4b9cbb5f4ecb13c5146", size = 12644305 },
    { url = "https://files.pythonhosted.org/packages/2a/d0/bd5ad792e78017f5decfb2ecc947422a3669a34f775679a76317af671ffc/numpy-2.2.4-cp313-cp313-macosx_10_13_x86_64.whl", hash = "sha256:1cf4e5c6a278d620dee9ddeb487dc6a860f9b199eadeecc567f777daace1e9e7", size = 20933623 },
    { url = "https://files.pythonhosted.org/packages/c3/bc/2b3545766337b95409868f8e62053135bdc7fa2ce630aba983a2aa60b559/numpy-2.2.4-cp313-cp313-macosx_11_0_arm64.whl", hash = "sha256:1974afec0b479e50438fc3648974268f972e2d908ddb6d7fb634598cdb8260a0", size = 14148681 },
    { url = "https://files.pythonhosted.org/packages/6a/70/67b24d68a56551d43a6ec9fe8c5f91b526d4c1a46a6387b956bf2d64744e/numpy-2.2.4-cp313-cp313-macosx_14_0_arm64.whl", hash = "sha256:79bd5f0a02aa16808fcbc79a9a376a147cc1045f7dfe44c6e7d53fa8b8a79392", size = 5148759 },
    { url = "https://files.pythonhosted.org/packages/1c/8b/e2fc8a75fcb7be12d90b31477c9356c0cbb44abce7ffb36be39a0017afad/numpy-2.2.4-cp313-cp313-macosx_14_0_x86_64.whl", hash = "sha256:3387dd7232804b341165cedcb90694565a6015433ee076c6754775e85d86f1fc", size = 6683092 },
    { url = "https://files.pythonhosted.org/packages/13/73/41b7b27f169ecf368b52533edb72e56a133f9e86256e809e169362553b49/numpy-2.2.4-cp313-cp313-manylinux_2_17_aarch64.manylinux2014_aarch64.whl", hash = "sha256:6f527d8fdb0286fd2fd97a2a96c6be17ba4232da346931d967a0630050dfd298", size = 14081422 },
    { url = "https://files.pythonhosted.org/packages/4b/04/e208ff3ae3ddfbafc05910f89546382f15a3f10186b1f56bd99f159689c2/numpy-2.2.4-cp313-cp313-manylinux_2_17_x86_64.manylinux2014_x86_64.whl", hash = "sha256:bce43e386c16898b91e162e5baaad90c4b06f9dcbe36282490032cec98dc8ae7", size = 16132202 },
    { url = "https://files.pythonhosted.org/packages/fe/bc/2218160574d862d5e55f803d88ddcad88beff94791f9c5f86d67bd8fbf1c/numpy-2.2.4-cp313-cp313-musllinux_1_2_aarch64.whl", hash = "sha256:31504f970f563d99f71a3512d0c01a645b692b12a63630d6aafa0939e52361e6", size = 15573131 },
    { url = "https://files.pythonhosted.org/packages/a5/78/97c775bc4f05abc8a8426436b7cb1be806a02a2994b195945600855e3a25/numpy-2.2.4-cp313-cp313-musllinux_1_2_x86_64.whl", hash = "sha256:81413336ef121a6ba746892fad881a83351ee3e1e4011f52e97fba79233611fd", size = 17894270 },
    { url = "https://files.pythonhosted.org/packages/b9/eb/38c06217a5f6de27dcb41524ca95a44e395e6a1decdc0c99fec0832ce6ae/numpy-2.2.4-cp313-cp313-win32.whl", hash = "sha256:f486038e44caa08dbd97275a9a35a283a8f1d2f0ee60ac260a1790e76660833c", size = 6308141 },
    { url = "https://files.pythonhosted.org/packages/52/17/d0dd10ab6d125c6d11ffb6dfa3423c3571befab8358d4f85cd4471964fcd/numpy-2.2.4-cp313-cp313-win_amd64.whl", hash = "sha256:207a2b8441cc8b6a2a78c9ddc64d00d20c303d79fba08c577752f080c4007ee3", size = 12636885 },
    { url = "https://files.pythonhosted.org/packages/fa/e2/793288ede17a0fdc921172916efb40f3cbc2aa97e76c5c84aba6dc7e8747/numpy-2.2.4-cp313-cp313t-macosx_10_13_x86_64.whl", hash = "sha256:8120575cb4882318c791f839a4fd66161a6fa46f3f0a5e613071aae35b5dd8f8", size = 20961829 },
    { url = "https://files.pythonhosted.org/packages/3a/75/bb4573f6c462afd1ea5cbedcc362fe3e9bdbcc57aefd37c681be1155fbaa/numpy-2.2.4-cp313-cp313t-macosx_11_0_arm64.whl", hash = "sha256:a761ba0fa886a7bb33c6c8f6f20213735cb19642c580a931c625ee377ee8bd39", size = 14161419 },
    { url = "https://files.pythonhosted.org/packages/03/68/07b4cd01090ca46c7a336958b413cdbe75002286295f2addea767b7f16c9/numpy-2.2.4-cp313-cp313t-macosx_14_0_arm64.whl", hash = "sha256:ac0280f1ba4a4bfff363a99a6aceed4f8e123f8a9b234c89140f5e894e452ecd", size = 5196414 },
    { url = "https://files.pythonhosted.org/packages/a5/fd/d4a29478d622fedff5c4b4b4cedfc37a00691079623c0575978d2446db9e/numpy-2.2.4-cp313-cp313t-macosx_14_0_x86_64.whl", hash = "sha256:879cf3a9a2b53a4672a168c21375166171bc3932b7e21f622201811c43cdd3b0", size = 6709379 },
    { url = "https://files.pythonhosted.org/packages/41/78/96dddb75bb9be730b87c72f30ffdd62611aba234e4e460576a068c98eff6/numpy-2.2.4-cp313-cp313t-manylinux_2_17_aarch64.manylinux2014_aarch64.whl", hash = "sha256:f05d4198c1bacc9124018109c5fba2f3201dbe7ab6e92ff100494f236209c960", size = 14051725 },
    { url = "https://files.pythonhosted.org/packages/00/06/5306b8199bffac2a29d9119c11f457f6c7d41115a335b78d3f86fad4dbe8/numpy-2.2.4-cp313-cp313t-manylinux_2_17_x86_64.manylinux2014_x86_64.whl", hash = "sha256:e2f085ce2e813a50dfd0e01fbfc0c12bbe5d2063d99f8b29da30e544fb6483b8", size = 16101638 },
    { url = "https://files.pythonhosted.org/packages/fa/03/74c5b631ee1ded596945c12027649e6344614144369fd3ec1aaced782882/numpy-2.2.4-cp313-cp313t-musllinux_1_2_aarch64.whl", hash = "sha256:92bda934a791c01d6d9d8e038363c50918ef7c40601552a58ac84c9613a665bc", size = 15571717 },
    { url = "https://files.pythonhosted.org/packages/cb/dc/4fc7c0283abe0981e3b89f9b332a134e237dd476b0c018e1e21083310c31/numpy-2.2.4-cp313-cp313t-musllinux_1_2_x86_64.whl", hash = "sha256:ee4d528022f4c5ff67332469e10efe06a267e32f4067dc76bb7e2cddf3cd25ff", size = 17879998 },
    { url = "https://files.pythonhosted.org/packages/e5/2b/878576190c5cfa29ed896b518cc516aecc7c98a919e20706c12480465f43/numpy-2.2.4-cp313-cp313t-win32.whl", hash = "sha256:05c076d531e9998e7e694c36e8b349969c56eadd2cdcd07242958489d79a7286", size = 6366896 },
    { url = "https://files.pythonhosted.org/packages/3e/05/eb7eec66b95cf697f08c754ef26c3549d03ebd682819f794cb039574a0a6/numpy-2.2.4-cp313-cp313t-win_amd64.whl", hash = "sha256:188dcbca89834cc2e14eb2f106c96d6d46f200fe0200310fc29089657379c58d", size = 12739119 },
]

[[package]]
name = "ruff"
version = "0.11.4"
source = { registry = "https://pypi.org/simple" }
sdist = { url = "https://files.pythonhosted.org/packages/e8/5b/3ae20f89777115944e89c2d8c2e795dcc5b9e04052f76d5347e35e0da66e/ruff-0.11.4.tar.gz", hash = "sha256:f45bd2fb1a56a5a85fae3b95add03fb185a0b30cf47f5edc92aa0355ca1d7407", size = 3933063 }
wheels = [
    { url = "https://files.pythonhosted.org/packages/9c/db/baee59ac88f57527fcbaad3a7b309994e42329c6bc4d4d2b681a3d7b5426/ruff-0.11.4-py3-none-linux_armv6l.whl", hash = "sha256:d9f4a761ecbde448a2d3e12fb398647c7f0bf526dbc354a643ec505965824ed2", size = 10106493 },
    { url = "https://files.pythonhosted.org/packages/c1/d6/9a0962cbb347f4ff98b33d699bf1193ff04ca93bed4b4222fd881b502154/ruff-0.11.4-py3-none-macosx_10_12_x86_64.whl", hash = "sha256:8c1747d903447d45ca3d40c794d1a56458c51e5cc1bc77b7b64bd2cf0b1626cc", size = 10876382 },
    { url = "https://files.pythonhosted.org/packages/3a/8f/62bab0c7d7e1ae3707b69b157701b41c1ccab8f83e8501734d12ea8a839f/ruff-0.11.4-py3-none-macosx_11_0_arm64.whl", hash = "sha256:51a6494209cacca79e121e9b244dc30d3414dac8cc5afb93f852173a2ecfc906", size = 10237050 },
    { url = "https://files.pythonhosted.org/packages/09/96/e296965ae9705af19c265d4d441958ed65c0c58fc4ec340c27cc9d2a1f5b/ruff-0.11.4-py3-none-manylinux_2_17_aarch64.manylinux2014_aarch64.whl", hash = "sha256:3f171605f65f4fc49c87f41b456e882cd0c89e4ac9d58e149a2b07930e1d466f", size = 10424984 },
    { url = "https://files.pythonhosted.org/packages/e5/56/644595eb57d855afed6e54b852e2df8cd5ca94c78043b2f29bdfb29882d5/ruff-0.11.4-py3-none-manylinux_2_17_armv7l.manylinux2014_armv7l.whl", hash = "sha256:ebf99ea9af918878e6ce42098981fc8c1db3850fef2f1ada69fb1dcdb0f8e79e", size = 9957438 },
    { url = "https://files.pythonhosted.org/packages/86/83/9d3f3bed0118aef3e871ded9e5687fb8c5776bde233427fd9ce0a45db2d4/ruff-0.11.4-py3-none-manylinux_2_17_i686.manylinux2014_i686.whl", hash = "sha256:edad2eac42279df12e176564a23fc6f4aaeeb09abba840627780b1bb11a9d223", size = 11547282 },
    { url = "https://files.pythonhosted.org/packages/40/e6/0c6e4f5ae72fac5ccb44d72c0111f294a5c2c8cc5024afcb38e6bda5f4b3/ruff-0.11.4-py3-none-manylinux_2_17_ppc64.manylinux2014_ppc64.whl", hash = "sha256:f103a848be9ff379fc19b5d656c1f911d0a0b4e3e0424f9532ececf319a4296e", size = 12182020 },
    { url = "https://files.pythonhosted.org/packages/b5/92/4aed0e460aeb1df5ea0c2fbe8d04f9725cccdb25d8da09a0d3f5b8764bf8/ruff-0.11.4-py3-none-manylinux_2_17_ppc64le.manylinux2014_ppc64le.whl", hash = "sha256:193e6fac6eb60cc97b9f728e953c21cc38a20077ed64f912e9d62b97487f3f2d", size = 11679154 },
    { url = "https://files.pythonhosted.org/packages/1b/d3/7316aa2609f2c592038e2543483eafbc62a0e1a6a6965178e284808c095c/ruff-0.11.4-py3-none-manylinux_2_17_s390x.manylinux2014_s390x.whl", hash = "sha256:7af4e5f69b7c138be8dcffa5b4a061bf6ba6a3301f632a6bce25d45daff9bc99", size = 13905985 },
    { url = "https://files.pythonhosted.org/packages/63/80/734d3d17546e47ff99871f44ea7540ad2bbd7a480ed197fe8a1c8a261075/ruff-0.11.4-py3-none-manylinux_2_17_x86_64.manylinux2014_x86_64.whl", hash = "sha256:126b1bf13154aa18ae2d6c3c5efe144ec14b97c60844cfa6eb960c2a05188222", size = 11348343 },
    { url = "https://files.pythonhosted.org/packages/04/7b/70fc7f09a0161dce9613a4671d198f609e653d6f4ff9eee14d64c4c240fb/ruff-0.11.4-py3-none-musllinux_1_2_aarch64.whl", hash = "sha256:e8806daaf9dfa881a0ed603f8a0e364e4f11b6ed461b56cae2b1c0cab0645304", size = 10308487 },
    { url = "https://files.pythonhosted.org/packages/1a/22/1cdd62dabd678d75842bf4944fd889cf794dc9e58c18cc547f9eb28f95ed/ruff-0.11.4-py3-none-musllinux_1_2_armv7l.whl", hash = "sha256:5d94bb1cc2fc94a769b0eb975344f1b1f3d294da1da9ddbb5a77665feb3a3019", size = 9929091 },
    { url = "https://files.pythonhosted.org/packages/9f/20/40e0563506332313148e783bbc1e4276d657962cc370657b2fff20e6e058/ruff-0.11.4-py3-none-musllinux_1_2_i686.whl", hash = "sha256:995071203d0fe2183fc7a268766fd7603afb9996785f086b0d76edee8755c896", size = 10924659 },
    { url = "https://files.pythonhosted.org/packages/b5/41/eef9b7aac8819d9e942f617f9db296f13d2c4576806d604aba8db5a753f1/ruff-0.11.4-py3-none-musllinux_1_2_x86_64.whl", hash = "sha256:7a37ca937e307ea18156e775a6ac6e02f34b99e8c23fe63c1996185a4efe0751", size = 11428160 },
    { url = "https://files.pythonhosted.org/packages/ff/61/c488943414fb2b8754c02f3879de003e26efdd20f38167ded3fb3fc1cda3/ruff-0.11.4-py3-none-win32.whl", hash = "sha256:0e9365a7dff9b93af933dab8aebce53b72d8f815e131796268709890b4a83270", size = 10311496 },
    { url = "https://files.pythonhosted.org/packages/b6/2b/2a1c8deb5f5dfa3871eb7daa41492c4d2b2824a74d2b38e788617612a66d/ruff-0.11.4-py3-none-win_amd64.whl", hash = "sha256:5a9fa1c69c7815e39fcfb3646bbfd7f528fa8e2d4bebdcf4c2bd0fa037a255fb", size = 11399146 },
    { url = "https://files.pythonhosted.org/packages/4f/03/3aec4846226d54a37822e4c7ea39489e4abd6f88388fba74e3d4abe77300/ruff-0.11.4-py3-none-win_arm64.whl", hash = "sha256:d435db6b9b93d02934cf61ef332e66af82da6d8c69aefdea5994c89997c7a0fc", size = 10450306 },
]
